
Microsoft Visual Studio Solution File, Format Version 12.00
# Visual Studio Version 16
VisualStudioVersion = 16.0.30717.126
MinimumVisualStudioVersion = 10.0.40219.1
Project("{FAE04EC0-301F-11D3-BF4B-00C04F79EFBC}") = "G24", "G24\G24.csproj", "{ACB83A3A-30BB-4B99-A5C1-9BB53043DA86}"
EndProject
Global
	GlobalSection(SolutionConfigurationPlatforms) = preSolution
		Debug|Any CPU = Debug|Any CPU
		Release|Any CPU = Release|Any CPU
	EndGlobalSection
	GlobalSection(ProjectConfigurationPlatforms) = postSolution
		{ACB83A3A-30BB-4B99-A5C1-9BB53043DA86}.Debug|Any CPU.ActiveCfg = Debug|Any CPU
		{ACB83A3A-30BB-4B99-A5C1-9BB53043DA86}.Debug|Any CPU.Build.0 = Debug|Any CPU
		{ACB83A3A-30BB-4B99-A5C1-9BB53043DA86}.Release|Any CPU.ActiveCfg = Release|Any CPU
		{ACB83A3A-30BB-4B99-A5C1-9BB53043DA86}.Release|Any CPU.Build.0 = Release|Any CPU
	EndGlobalSection
	GlobalSection(SolutionProperties) = preSolution
		HideSolutionNode = FALSE
	EndGlobalSection
	GlobalSection(ExtensibilityGlobals) = postSolution
		SolutionGuid = {DA3D8667-F81A-41F7-83B2-D19E9E1B92AA}
	EndGlobalSection
EndGlobal
